// !$*UTF8*$!
{
	archiveVersion = 1;
	classes = {
	};
	objectVersion = 39;
	objects = {
		034768DDFF38A45A11DB9C8B = {
			children = (
				D2AAC09D05546B4700DB518D,
			);
			isa = PBXGroup;
			name = Products;
			refType = 4;
			sourceTree = "<group>";
		};
//030
//031
//032
//033
//034
//080
//081
//082
//083
//084
		0867D690FE84028FC02AAC07 = {
			buildSettings = {
			};
			buildStyles = (
				4F0BB7EC011F40E904CA0E50,
				4F0BB7ED011F40E904CA0E50,
			);
			hasScannedForEncodings = 1;
			isa = PBXProject;
			mainGroup = 0867D691FE84028FC02AAC07;
			productRefGroup = 034768DDFF38A45A11DB9C8B;
			projectDirPath = "";
			targets = (
				D2AAC09C05546B4700DB518D,
			);
		};
		0867D691FE84028FC02AAC07 = {
			children = (
				08FB77ACFE841707C02AAC07,
				0867D69AFE84028FC02AAC07,
				034768DDFF38A45A11DB9C8B,
			);
			isa = PBXGroup;
			name = FindProxies;
			refType = 4;
			sourceTree = "<group>";
		};
		0867D69AFE84028FC02AAC07 = {
			children = (
				2CECE8D706C2B15D00C0A271,
				08FB77AAFE841565C02AAC07,
			);
			isa = PBXGroup;
			name = "External Frameworks and Libraries";
			refType = 4;
			sourceTree = "<group>";
		};
		08FB77AAFE841565C02AAC07 = {
			fallbackIsa = PBXFileReference;
			isa = PBXFrameworkReference;
			lastKnownFileType = wrapper.framework;
			name = Carbon.framework;
			path = /System/Library/Frameworks/Carbon.framework;
			refType = 0;
			sourceTree = "<absolute>";
		};
		08FB77ACFE841707C02AAC07 = {
			children = (
				2C335E1A06C3C3C30021BE46,
				08FB77B0FE84176FC02AAC07,
			);
			isa = PBXGroup;
			name = Source;
			refType = 4;
			sourceTree = "<group>";
		};
		08FB77B0FE84176FC02AAC07 = {
			fileEncoding = 30;
			isa = PBXFileReference;
			lastKnownFileType = sourcecode.c.c;
			path = FindProxies.c;
			refType = 4;
			sourceTree = "<group>";
		};
//080
//081
//082
//083
//084
//2C0
//2C1
//2C2
//2C3
//2C4
		2C335E1A06C3C3C30021BE46 = {
			fileEncoding = 30;
			isa = PBXFileReference;
			lastKnownFileType = sourcecode.c.h;
			path = FindProxies.pch;
			refType = 4;
			sourceTree = "<group>";
		};
		2CECE8D706C2B15D00C0A271 = {
			isa = PBXFileReference;
			lastKnownFileType = wrapper.framework;
			name = SystemConfiguration.framework;
			path = /System/Library/Frameworks/SystemConfiguration.framework;
			refType = 0;
			sourceTree = "<absolute>";
		};
		2CECE8D806C2B15D00C0A271 = {
			fileRef = 2CECE8D706C2B15D00C0A271;
			isa = PBXBuildFile;
			settings = {
			};
		};
//2C0
//2C1
//2C2
//2C3
//2C4
//4F0
//4F1
//4F2
//4F3
//4F4
		4F0BB7EC011F40E904CA0E50 = {
			buildRules = (
			);
			buildSettings = {
				COPY_PHASE_STRIP = NO;
				DEBUGGING_SYMBOLS = YES;
				GCC_DYNAMIC_NO_PIC = NO;
				GCC_ENABLE_FIX_AND_CONTINUE = YES;
				GCC_GENERATE_DEBUGGING_SYMBOLS = YES;
				GCC_OPTIMIZATION_LEVEL = 0;
				OPTIMIZATION_CFLAGS = "-O0";
				ZERO_LINK = YES;
			};
			isa = PBXBuildStyle;
			name = Development;
		};
		4F0BB7ED011F40E904CA0E50 = {
			buildRules = (
			);
			buildSettings = {
				COPY_PHASE_STRIP = YES;
				GCC_ENABLE_FIX_AND_CONTINUE = NO;
				ZERO_LINK = NO;
			};
			isa = PBXBuildStyle;
			name = Deployment;
		};
//4F0
//4F1
//4F2
//4F3
//4F4
//D20
//D21
//D22
//D23
//D24
		D2AAC09905546B4700DB518D = {
			buildActionMask = 2147483647;
			files = (
			);
			isa = PBXHeadersBuildPhase;
			runOnlyForDeploymentPostprocessing = 0;
		};
		D2AAC09A05546B4700DB518D = {
			buildActionMask = 2147483647;
			files = (
				D2AAC0B005546B7400DB518D,
			);
			isa = PBXSourcesBuildPhase;
			runOnlyForDeploymentPostprocessing = 0;
		};
		D2AAC09B05546B4700DB518D = {
			buildActionMask = 2147483647;
			files = (
				D2AAC0B105546B7500DB518D,
				2CECE8D806C2B15D00C0A271,
			);
			isa = PBXFrameworksBuildPhase;
			runOnlyForDeploymentPostprocessing = 0;
		};
		D2AAC09C05546B4700DB518D = {
			buildPhases = (
				D2AAC09905546B4700DB518D,
				D2AAC09A05546B4700DB518D,
				D2AAC09B05546B4700DB518D,
			);
			buildRules = (
			);
			buildSettings = {
				DYLIB_COMPATIBILITY_VERSION = 1;
				DYLIB_CURRENT_VERSION = 1;
				GCC_PRECOMPILE_PREFIX_HEADER = YES;
				GCC_PREFIX_HEADER = FindProxies.pch;
				GCC_WARN_FOUR_CHARACTER_CONSTANTS = NO;
				GCC_WARN_UNKNOWN_PRAGMAS = NO;
				INFOPLIST_FILE = "";
				INSTALL_PATH = /usr/local/lib;
				LIBRARY_STYLE = DYNAMIC;
				OTHER_CFLAGS = "";
				OTHER_LDFLAGS = "";
				OTHER_REZFLAGS = "";
				PRODUCT_NAME = FindProxies;
				REZ_EXECUTABLE = YES;
				SECTORDER_FLAGS = "";
				WARNING_CFLAGS = "-Wmost";
			};
			dependencies = (
			);
			isa = PBXNativeTarget;
			name = FindProxies;
			productName = FindProxies;
			productReference = D2AAC09D05546B4700DB518D;
			productType = "com.apple.product-type.library.dynamic";
		};
		D2AAC09D05546B4700DB518D = {
			explicitFileType = "compiled.mach-o.dylib";
			includeInIndex = 0;
			isa = PBXFileReference;
			path = FindProxies.dylib;
			refType = 3;
			sourceTree = BUILT_PRODUCTS_DIR;
		};
		D2AAC0B005546B7400DB518D = {
			fileRef = 08FB77B0FE84176FC02AAC07;
			isa = PBXBuildFile;
			settings = {
			};
		};
		D2AAC0B105546B7500DB518D = {
			fileRef = 08FB77AAFE841565C02AAC07;
			isa = PBXBuildFile;
			settings = {
			};
		};
	};
	rootObject = 0867D690FE84028FC02AAC07;
}
